# THIS IS AN AUTOGENERATED FILE. DO NOT EDIT THIS FILE DIRECTLY.
# yarn lockfile v1


"@centrapay/swift-parser@^1.0.1":
  version "1.0.1"
  resolved "https://registry.yarnpkg.com/@centrapay/swift-parser/-/swift-parser-1.0.1.tgz#3bbb67cd5b7ace2137b1173609e298af9ed1f5cf"
  integrity sha512-yktMo5avsDj9XHlx705/ZV3hc96FaRPEq+vYSY6oigeWnJfcAJNwsU9DOPnIKosemVDkiyCO+tJNh+zGNXD8NQ==
  dependencies:
    bignumber.js "^9.1.1"
    moment "^2.29.4"

bignumber.js@^9.1.1:
  version "9.1.2"
  resolved "https://registry.yarnpkg.com/bignumber.js/-/bignumber.js-9.1.2.tgz#b7c4242259c008903b13707983b5f4bbd31eda0c"
  integrity sha512-2/mKyZH9K85bzOEfhXDBFZTGd1CTs+5IHpeFQo9luiBG7hghdC851Pj2WAhb6E3R6b9tZj/XKhbg4fum+Kepug==

moment@^2.29.4:
  version "2.30.1"
  resolved "https://registry.yarnpkg.com/moment/-/moment-2.30.1.tgz#f8c91c07b7a786e30c59926df530b4eac96974ae"
  integrity sha512-uEmtNhbDOrWPFS+hdjFCBfy9f2YoyzRpwcl+DqpC6taX21FzsTLQVbMV/W7PzNSX6x/bhC1zA3c2UQ5NzH6how==
